
Microsoft Visual Studio Solution File, Format Version 12.00
# Visual Studio Version 17
VisualStudioVersion = 17.0.31903.59
MinimumVisualStudioVersion = 10.0.40219.1
Project("{2150E333-8FDC-42A3-9474-1A3956D46DE8}") = "src", "src", "{827E0CD3-B72D-47B6-A68D-7590B98EB39B}"
EndProject
Project("{FAE04EC0-301F-11D3-BF4B-00C04F79EFBC}") = "BuildingBlocks.AI.Core", "src\BuildingBlocks.AI.Core\BuildingBlocks.AI.Core.csproj", "{B4C1594E-4E16-4FC7-8D7B-9885B733F4B8}"
EndProject
Project("{FAE04EC0-301F-11D3-BF4B-00C04F79EFBC}") = "BuildingBlocks.AI.Local", "src\BuildingBlocks.AI.Local\BuildingBlocks.AI.Local.csproj", "{D24B9676-E0CE-4F1A-9A01-457F0B6EE0F2}"
EndProject
Project("{FAE04EC0-301F-11D3-BF4B-00C04F79EFBC}") = "Framework.Api", "src\Framework.Api\Framework.Api.csproj", "{31963E52-2EC5-4499-B624-7699B892D8C3}"
EndProject
Project("{FAE04EC0-301F-11D3-BF4B-00C04F79EFBC}") = "Framework.Application", "src\Framework.Application\Framework.Application.csproj", "{D7AF2CFC-0D09-457C-AC11-33B59094A728}"
EndProject
Project("{FAE04EC0-301F-11D3-BF4B-00C04F79EFBC}") = "Framework.Contracts", "src\Framework.Contracts\Framework.Contracts.csproj", "{9352730E-05CA-408B-8E80-75E1CAD801D6}"
EndProject
Project("{FAE04EC0-301F-11D3-BF4B-00C04F79EFBC}") = "Framework.Domain", "src\Framework.Domain\Framework.Domain.csproj", "{9B018656-A8CE-46A3-A03F-D8A3C9F98345}"
EndProject
Project("{FAE04EC0-301F-11D3-BF4B-00C04F79EFBC}") = "Framework.Infrastructure", "src\Framework.Infrastructure\Framework.Infrastructure.csproj", "{AB921E56-3D66-42CF-9E09-E9A4B9B0F5E5}"
EndProject
Project("{FAE04EC0-301F-11D3-BF4B-00C04F79EFBC}") = "Framework.UnitTests", "tests\Framework.UnitTests\Framework.UnitTests.csproj", "{CC34DEFD-FD42-489F-A4AA-1F5E87A7F429}"
EndProject
Project("{FAE04EC0-301F-11D3-BF4B-00C04F79EFBC}") = "Framework.IntegrationTests", "tests\Framework.IntegrationTests\Framework.IntegrationTests.csproj", "{F9213987-C408-4553-BD91-7F91BF84E140}"
EndProject
Project("{FAE04EC0-301F-11D3-BF4B-00C04F79EFBC}") = "Framework.ArchitectureTests", "tests\Framework.ArchitectureTests\Framework.ArchitectureTests.csproj", "{088A87D4-51C2-439D-9AA9-E5A98EB78639}"
EndProject
Project("{FAE04EC0-301F-11D3-BF4B-00C04F79EFBC}") = "BuildingBlocks.AI.Azure", "src\BuildingBlocks.AI.Azure\BuildingBlocks.AI.Azure.csproj", "{F2D31C04-569D-4F14-BBB9-D02DA080F32A}"
EndProject
Project("{FAE04EC0-301F-11D3-BF4B-00C04F79EFBC}") = "Framework.Web", "src\Framework.Web\Framework.Web.csproj", "{6096B169-88FD-4C04-A401-13E0C6AE335E}"
EndProject
Global
	GlobalSection(SolutionConfigurationPlatforms) = preSolution
		Debug|Any CPU = Debug|Any CPU
		Debug|x64 = Debug|x64
		Debug|x86 = Debug|x86
		Release|Any CPU = Release|Any CPU
		Release|x64 = Release|x64
		Release|x86 = Release|x86
	EndGlobalSection
	GlobalSection(ProjectConfigurationPlatforms) = postSolution
		{B4C1594E-4E16-4FC7-8D7B-9885B733F4B8}.Debug|Any CPU.ActiveCfg = Debug|Any CPU
		{B4C1594E-4E16-4FC7-8D7B-9885B733F4B8}.Debug|Any CPU.Build.0 = Debug|Any CPU
		{B4C1594E-4E16-4FC7-8D7B-9885B733F4B8}.Debug|x64.ActiveCfg = Debug|Any CPU
		{B4C1594E-4E16-4FC7-8D7B-9885B733F4B8}.Debug|x64.Build.0 = Debug|Any CPU
		{B4C1594E-4E16-4FC7-8D7B-9885B733F4B8}.Debug|x86.ActiveCfg = Debug|Any CPU
		{B4C1594E-4E16-4FC7-8D7B-9885B733F4B8}.Debug|x86.Build.0 = Debug|Any CPU
		{B4C1594E-4E16-4FC7-8D7B-9885B733F4B8}.Release|Any CPU.ActiveCfg = Release|Any CPU
		{B4C1594E-4E16-4FC7-8D7B-9885B733F4B8}.Release|Any CPU.Build.0 = Release|Any CPU
		{B4C1594E-4E16-4FC7-8D7B-9885B733F4B8}.Release|x64.ActiveCfg = Release|Any CPU
		{B4C1594E-4E16-4FC7-8D7B-9885B733F4B8}.Release|x64.Build.0 = Release|Any CPU
		{B4C1594E-4E16-4FC7-8D7B-9885B733F4B8}.Release|x86.ActiveCfg = Release|Any CPU
		{B4C1594E-4E16-4FC7-8D7B-9885B733F4B8}.Release|x86.Build.0 = Release|Any CPU
		{D24B9676-E0CE-4F1A-9A01-457F0B6EE0F2}.Debug|Any CPU.ActiveCfg = Debug|Any CPU
		{D24B9676-E0CE-4F1A-9A01-457F0B6EE0F2}.Debug|Any CPU.Build.0 = Debug|Any CPU
		{D24B9676-E0CE-4F1A-9A01-457F0B6EE0F2}.Debug|x64.ActiveCfg = Debug|Any CPU
		{D24B9676-E0CE-4F1A-9A01-457F0B6EE0F2}.Debug|x64.Build.0 = Debug|Any CPU
		{D24B9676-E0CE-4F1A-9A01-457F0B6EE0F2}.Debug|x86.ActiveCfg = Debug|Any CPU
		{D24B9676-E0CE-4F1A-9A01-457F0B6EE0F2}.Debug|x86.Build.0 = Debug|Any CPU
		{D24B9676-E0CE-4F1A-9A01-457F0B6EE0F2}.Release|Any CPU.ActiveCfg = Release|Any CPU
		{D24B9676-E0CE-4F1A-9A01-457F0B6EE0F2}.Release|Any CPU.Build.0 = Release|Any CPU
		{D24B9676-E0CE-4F1A-9A01-457F0B6EE0F2}.Release|x64.ActiveCfg = Release|Any CPU
		{D24B9676-E0CE-4F1A-9A01-457F0B6EE0F2}.Release|x64.Build.0 = Release|Any CPU
		{D24B9676-E0CE-4F1A-9A01-457F0B6EE0F2}.Release|x86.ActiveCfg = Release|Any CPU
		{D24B9676-E0CE-4F1A-9A01-457F0B6EE0F2}.Release|x86.Build.0 = Release|Any CPU
		{31963E52-2EC5-4499-B624-7699B892D8C3}.Debug|Any CPU.ActiveCfg = Debug|Any CPU
		{31963E52-2EC5-4499-B624-7699B892D8C3}.Debug|Any CPU.Build.0 = Debug|Any CPU
		{31963E52-2EC5-4499-B624-7699B892D8C3}.Debug|x64.ActiveCfg = Debug|Any CPU
		{31963E52-2EC5-4499-B624-7699B892D8C3}.Debug|x64.Build.0 = Debug|Any CPU
		{31963E52-2EC5-4499-B624-7699B892D8C3}.Debug|x86.ActiveCfg = Debug|Any CPU
		{31963E52-2EC5-4499-B624-7699B892D8C3}.Debug|x86.Build.0 = Debug|Any CPU
		{31963E52-2EC5-4499-B624-7699B892D8C3}.Release|Any CPU.ActiveCfg = Release|Any CPU
		{31963E52-2EC5-4499-B624-7699B892D8C3}.Release|Any CPU.Build.0 = Release|Any CPU
		{31963E52-2EC5-4499-B624-7699B892D8C3}.Release|x64.ActiveCfg = Release|Any CPU
		{31963E52-2EC5-4499-B624-7699B892D8C3}.Release|x64.Build.0 = Release|Any CPU
		{31963E52-2EC5-4499-B624-7699B892D8C3}.Release|x86.ActiveCfg = Release|Any CPU
		{31963E52-2EC5-4499-B624-7699B892D8C3}.Release|x86.Build.0 = Release|Any CPU
		{D7AF2CFC-0D09-457C-AC11-33B59094A728}.Debug|Any CPU.ActiveCfg = Debug|Any CPU
		{D7AF2CFC-0D09-457C-AC11-33B59094A728}.Debug|Any CPU.Build.0 = Debug|Any CPU
		{D7AF2CFC-0D09-457C-AC11-33B59094A728}.Debug|x64.ActiveCfg = Debug|Any CPU
		{D7AF2CFC-0D09-457C-AC11-33B59094A728}.Debug|x64.Build.0 = Debug|Any CPU
		{D7AF2CFC-0D09-457C-AC11-33B59094A728}.Debug|x86.ActiveCfg = Debug|Any CPU
		{D7AF2CFC-0D09-457C-AC11-33B59094A728}.Debug|x86.Build.0 = Debug|Any CPU
		{D7AF2CFC-0D09-457C-AC11-33B59094A728}.Release|Any CPU.ActiveCfg = Release|Any CPU
		{D7AF2CFC-0D09-457C-AC11-33B59094A728}.Release|Any CPU.Build.0 = Release|Any CPU
		{D7AF2CFC-0D09-457C-AC11-33B59094A728}.Release|x64.ActiveCfg = Release|Any CPU
		{D7AF2CFC-0D09-457C-AC11-33B59094A728}.Release|x64.Build.0 = Release|Any CPU
		{D7AF2CFC-0D09-457C-AC11-33B59094A728}.Release|x86.ActiveCfg = Release|Any CPU
		{D7AF2CFC-0D09-457C-AC11-33B59094A728}.Release|x86.Build.0 = Release|Any CPU
		{9352730E-05CA-408B-8E80-75E1CAD801D6}.Debug|Any CPU.ActiveCfg = Debug|Any CPU
		{9352730E-05CA-408B-8E80-75E1CAD801D6}.Debug|Any CPU.Build.0 = Debug|Any CPU
		{9352730E-05CA-408B-8E80-75E1CAD801D6}.Debug|x64.ActiveCfg = Debug|Any CPU
		{9352730E-05CA-408B-8E80-75E1CAD801D6}.Debug|x64.Build.0 = Debug|Any CPU
		{9352730E-05CA-408B-8E80-75E1CAD801D6}.Debug|x86.ActiveCfg = Debug|Any CPU
		{9352730E-05CA-408B-8E80-75E1CAD801D6}.Debug|x86.Build.0 = Debug|Any CPU
		{9352730E-05CA-408B-8E80-75E1CAD801D6}.Release|Any CPU.ActiveCfg = Release|Any CPU
		{9352730E-05CA-408B-8E80-75E1CAD801D6}.Release|Any CPU.Build.0 = Release|Any CPU
		{9352730E-05CA-408B-8E80-75E1CAD801D6}.Release|x64.ActiveCfg = Release|Any CPU
		{9352730E-05CA-408B-8E80-75E1CAD801D6}.Release|x64.Build.0 = Release|Any CPU
		{9352730E-05CA-408B-8E80-75E1CAD801D6}.Release|x86.ActiveCfg = Release|Any CPU
		{9352730E-05CA-408B-8E80-75E1CAD801D6}.Release|x86.Build.0 = Release|Any CPU
		{9B018656-A8CE-46A3-A03F-D8A3C9F98345}.Debug|Any CPU.ActiveCfg = Debug|Any CPU
		{9B018656-A8CE-46A3-A03F-D8A3C9F98345}.Debug|Any CPU.Build.0 = Debug|Any CPU
		{9B018656-A8CE-46A3-A03F-D8A3C9F98345}.Debug|x64.ActiveCfg = Debug|Any CPU
		{9B018656-A8CE-46A3-A03F-D8A3C9F98345}.Debug|x64.Build.0 = Debug|Any CPU
		{9B018656-A8CE-46A3-A03F-D8A3C9F98345}.Debug|x86.ActiveCfg = Debug|Any CPU
		{9B018656-A8CE-46A3-A03F-D8A3C9F98345}.Debug|x86.Build.0 = Debug|Any CPU
		{9B018656-A8CE-46A3-A03F-D8A3C9F98345}.Release|Any CPU.ActiveCfg = Release|Any CPU
		{9B018656-A8CE-46A3-A03F-D8A3C9F98345}.Release|Any CPU.Build.0 = Release|Any CPU
		{9B018656-A8CE-46A3-A03F-D8A3C9F98345}.Release|x64.ActiveCfg = Release|Any CPU
		{9B018656-A8CE-46A3-A03F-D8A3C9F98345}.Release|x64.Build.0 = Release|Any CPU
		{9B018656-A8CE-46A3-A03F-D8A3C9F98345}.Release|x86.ActiveCfg = Release|Any CPU
		{9B018656-A8CE-46A3-A03F-D8A3C9F98345}.Release|x86.Build.0 = Release|Any CPU
		{AB921E56-3D66-42CF-9E09-E9A4B9B0F5E5}.Debug|Any CPU.ActiveCfg = Debug|Any CPU
		{AB921E56-3D66-42CF-9E09-E9A4B9B0F5E5}.Debug|Any CPU.Build.0 = Debug|Any CPU
		{AB921E56-3D66-42CF-9E09-E9A4B9B0F5E5}.Debug|x64.ActiveCfg = Debug|Any CPU
		{AB921E56-3D66-42CF-9E09-E9A4B9B0F5E5}.Debug|x64.Build.0 = Debug|Any CPU
		{AB921E56-3D66-42CF-9E09-E9A4B9B0F5E5}.Debug|x86.ActiveCfg = Debug|Any CPU
		{AB921E56-3D66-42CF-9E09-E9A4B9B0F5E5}.Debug|x86.Build.0 = Debug|Any CPU
		{AB921E56-3D66-42CF-9E09-E9A4B9B0F5E5}.Release|Any CPU.ActiveCfg = Release|Any CPU
		{AB921E56-3D66-42CF-9E09-E9A4B9B0F5E5}.Release|Any CPU.Build.0 = Release|Any CPU
		{AB921E56-3D66-42CF-9E09-E9A4B9B0F5E5}.Release|x64.ActiveCfg = Release|Any CPU
		{AB921E56-3D66-42CF-9E09-E9A4B9B0F5E5}.Release|x64.Build.0 = Release|Any CPU
		{AB921E56-3D66-42CF-9E09-E9A4B9B0F5E5}.Release|x86.ActiveCfg = Release|Any CPU
		{AB921E56-3D66-42CF-9E09-E9A4B9B0F5E5}.Release|x86.Build.0 = Release|Any CPU
		{CC34DEFD-FD42-489F-A4AA-1F5E87A7F429}.Debug|Any CPU.ActiveCfg = Debug|Any CPU
		{CC34DEFD-FD42-489F-A4AA-1F5E87A7F429}.Debug|Any CPU.Build.0 = Debug|Any CPU
		{CC34DEFD-FD42-489F-A4AA-1F5E87A7F429}.Debug|x64.ActiveCfg = Debug|Any CPU
		{CC34DEFD-FD42-489F-A4AA-1F5E87A7F429}.Debug|x64.Build.0 = Debug|Any CPU
		{CC34DEFD-FD42-489F-A4AA-1F5E87A7F429}.Debug|x86.ActiveCfg = Debug|Any CPU
		{CC34DEFD-FD42-489F-A4AA-1F5E87A7F429}.Debug|x86.Build.0 = Debug|Any CPU
		{CC34DEFD-FD42-489F-A4AA-1F5E87A7F429}.Release|Any CPU.ActiveCfg = Release|Any CPU
		{CC34DEFD-FD42-489F-A4AA-1F5E87A7F429}.Release|Any CPU.Build.0 = Release|Any CPU
		{CC34DEFD-FD42-489F-A4AA-1F5E87A7F429}.Release|x64.ActiveCfg = Release|Any CPU
		{CC34DEFD-FD42-489F-A4AA-1F5E87A7F429}.Release|x64.Build.0 = Release|Any CPU
		{CC34DEFD-FD42-489F-A4AA-1F5E87A7F429}.Release|x86.ActiveCfg = Release|Any CPU
		{CC34DEFD-FD42-489F-A4AA-1F5E87A7F429}.Release|x86.Build.0 = Release|Any CPU
		{F9213987-C408-4553-BD91-7F91BF84E140}.Debug|Any CPU.ActiveCfg = Debug|Any CPU
		{F9213987-C408-4553-BD91-7F91BF84E140}.Debug|Any CPU.Build.0 = Debug|Any CPU
		{F9213987-C408-4553-BD91-7F91BF84E140}.Debug|x64.ActiveCfg = Debug|Any CPU
		{F9213987-C408-4553-BD91-7F91BF84E140}.Debug|x64.Build.0 = Debug|Any CPU
		{F9213987-C408-4553-BD91-7F91BF84E140}.Debug|x86.ActiveCfg = Debug|Any CPU
		{F9213987-C408-4553-BD91-7F91BF84E140}.Debug|x86.Build.0 = Debug|Any CPU
		{F9213987-C408-4553-BD91-7F91BF84E140}.Release|Any CPU.ActiveCfg = Release|Any CPU
		{F9213987-C408-4553-BD91-7F91BF84E140}.Release|Any CPU.Build.0 = Release|Any CPU
		{F9213987-C408-4553-BD91-7F91BF84E140}.Release|x64.ActiveCfg = Release|Any CPU
		{F9213987-C408-4553-BD91-7F91BF84E140}.Release|x64.Build.0 = Release|Any CPU
		{F9213987-C408-4553-BD91-7F91BF84E140}.Release|x86.ActiveCfg = Release|Any CPU
		{F9213987-C408-4553-BD91-7F91BF84E140}.Release|x86.Build.0 = Release|Any CPU
		{088A87D4-51C2-439D-9AA9-E5A98EB78639}.Debug|Any CPU.ActiveCfg = Debug|Any CPU
		{088A87D4-51C2-439D-9AA9-E5A98EB78639}.Debug|Any CPU.Build.0 = Debug|Any CPU
		{088A87D4-51C2-439D-9AA9-E5A98EB78639}.Debug|x64.ActiveCfg = Debug|Any CPU
		{088A87D4-51C2-439D-9AA9-E5A98EB78639}.Debug|x64.Build.0 = Debug|Any CPU
		{088A87D4-51C2-439D-9AA9-E5A98EB78639}.Debug|x86.ActiveCfg = Debug|Any CPU
		{088A87D4-51C2-439D-9AA9-E5A98EB78639}.Debug|x86.Build.0 = Debug|Any CPU
		{088A87D4-51C2-439D-9AA9-E5A98EB78639}.Release|Any CPU.ActiveCfg = Release|Any CPU
		{088A87D4-51C2-439D-9AA9-E5A98EB78639}.Release|Any CPU.Build.0 = Release|Any CPU
		{088A87D4-51C2-439D-9AA9-E5A98EB78639}.Release|x64.ActiveCfg = Release|Any CPU
		{088A87D4-51C2-439D-9AA9-E5A98EB78639}.Release|x64.Build.0 = Release|Any CPU
		{088A87D4-51C2-439D-9AA9-E5A98EB78639}.Release|x86.ActiveCfg = Release|Any CPU
		{088A87D4-51C2-439D-9AA9-E5A98EB78639}.Release|x86.Build.0 = Release|Any CPU
		{F2D31C04-569D-4F14-BBB9-D02DA080F32A}.Debug|Any CPU.ActiveCfg = Debug|Any CPU
		{F2D31C04-569D-4F14-BBB9-D02DA080F32A}.Debug|Any CPU.Build.0 = Debug|Any CPU
		{F2D31C04-569D-4F14-BBB9-D02DA080F32A}.Debug|x64.ActiveCfg = Debug|Any CPU
		{F2D31C04-569D-4F14-BBB9-D02DA080F32A}.Debug|x64.Build.0 = Debug|Any CPU
		{F2D31C04-569D-4F14-BBB9-D02DA080F32A}.Debug|x86.ActiveCfg = Debug|Any CPU
		{F2D31C04-569D-4F14-BBB9-D02DA080F32A}.Debug|x86.Build.0 = Debug|Any CPU
		{F2D31C04-569D-4F14-BBB9-D02DA080F32A}.Release|Any CPU.ActiveCfg = Release|Any CPU
		{F2D31C04-569D-4F14-BBB9-D02DA080F32A}.Release|Any CPU.Build.0 = Release|Any CPU
		{F2D31C04-569D-4F14-BBB9-D02DA080F32A}.Release|x64.ActiveCfg = Release|Any CPU
		{F2D31C04-569D-4F14-BBB9-D02DA080F32A}.Release|x64.Build.0 = Release|Any CPU
		{F2D31C04-569D-4F14-BBB9-D02DA080F32A}.Release|x86.ActiveCfg = Release|Any CPU
		{F2D31C04-569D-4F14-BBB9-D02DA080F32A}.Release|x86.Build.0 = Release|Any CPU
		{6096B169-88FD-4C04-A401-13E0C6AE335E}.Debug|Any CPU.ActiveCfg = Debug|Any CPU
		{6096B169-88FD-4C04-A401-13E0C6AE335E}.Debug|Any CPU.Build.0 = Debug|Any CPU
		{6096B169-88FD-4C04-A401-13E0C6AE335E}.Debug|x64.ActiveCfg = Debug|Any CPU
		{6096B169-88FD-4C04-A401-13E0C6AE335E}.Debug|x64.Build.0 = Debug|Any CPU
		{6096B169-88FD-4C04-A401-13E0C6AE335E}.Debug|x86.ActiveCfg = Debug|Any CPU
		{6096B169-88FD-4C04-A401-13E0C6AE335E}.Debug|x86.Build.0 = Debug|Any CPU
		{6096B169-88FD-4C04-A401-13E0C6AE335E}.Release|Any CPU.ActiveCfg = Release|Any CPU
		{6096B169-88FD-4C04-A401-13E0C6AE335E}.Release|Any CPU.Build.0 = Release|Any CPU
		{6096B169-88FD-4C04-A401-13E0C6AE335E}.Release|x64.ActiveCfg = Release|Any CPU
		{6096B169-88FD-4C04-A401-13E0C6AE335E}.Release|x64.Build.0 = Release|Any CPU
		{6096B169-88FD-4C04-A401-13E0C6AE335E}.Release|x86.ActiveCfg = Release|Any CPU
		{6096B169-88FD-4C04-A401-13E0C6AE335E}.Release|x86.Build.0 = Release|Any CPU
	EndGlobalSection
	GlobalSection(SolutionProperties) = preSolution
		HideSolutionNode = FALSE
	EndGlobalSection
	GlobalSection(NestedProjects) = preSolution
		{B4C1594E-4E16-4FC7-8D7B-9885B733F4B8} = {827E0CD3-B72D-47B6-A68D-7590B98EB39B}
		{D24B9676-E0CE-4F1A-9A01-457F0B6EE0F2} = {827E0CD3-B72D-47B6-A68D-7590B98EB39B}
		{31963E52-2EC5-4499-B624-7699B892D8C3} = {827E0CD3-B72D-47B6-A68D-7590B98EB39B}
		{D7AF2CFC-0D09-457C-AC11-33B59094A728} = {827E0CD3-B72D-47B6-A68D-7590B98EB39B}
		{9352730E-05CA-408B-8E80-75E1CAD801D6} = {827E0CD3-B72D-47B6-A68D-7590B98EB39B}
		{9B018656-A8CE-46A3-A03F-D8A3C9F98345} = {827E0CD3-B72D-47B6-A68D-7590B98EB39B}
		{AB921E56-3D66-42CF-9E09-E9A4B9B0F5E5} = {827E0CD3-B72D-47B6-A68D-7590B98EB39B}
		{CC34DEFD-FD42-489F-A4AA-1F5E87A7F429} = {827E0CD3-B72D-47B6-A68D-7590B98EB39B}
		{F9213987-C408-4553-BD91-7F91BF84E140} = {827E0CD3-B72D-47B6-A68D-7590B98EB39B}
		{088A87D4-51C2-439D-9AA9-E5A98EB78639} = {827E0CD3-B72D-47B6-A68D-7590B98EB39B}
		{F2D31C04-569D-4F14-BBB9-D02DA080F32A} = {827E0CD3-B72D-47B6-A68D-7590B98EB39B}
		{6096B169-88FD-4C04-A401-13E0C6AE335E} = {827E0CD3-B72D-47B6-A68D-7590B98EB39B}
	EndGlobalSection
EndGlobal
